
Microsoft Visual Studio Solution File, Format Version 12.00
# Visual Studio Version 17
VisualStudioVersion = 17.0.31903.59
MinimumVisualStudioVersion = 10.0.40219.1
Project("{2150E333-8FDC-42A3-9474-1A3956D46DE8}") = "src", "src", "{827E0CD3-B72D-47B6-A68D-7590B98EB39B}"
EndProject
Project("{FAE04EC0-301F-11D3-BF4B-00C04F79EFBC}") = "Skinora.API", "src\Skinora.API\Skinora.API.csproj", "{96F32720-098D-4D3D-BDA2-1522A633DEC4}"
EndProject
Project("{FAE04EC0-301F-11D3-BF4B-00C04F79EFBC}") = "Skinora.Shared", "src\Skinora.Shared\Skinora.Shared.csproj", "{F2F58A5A-5165-41D1-B7C2-3C5C45F9A00C}"
EndProject
Project("{2150E333-8FDC-42A3-9474-1A3956D46DE8}") = "Modules", "Modules", "{EC447DCF-ABFA-6E24-52A5-D7FD48A5C558}"
EndProject
Project("{FAE04EC0-301F-11D3-BF4B-00C04F79EFBC}") = "Skinora.Transactions", "src\Modules\Skinora.Transactions\Skinora.Transactions.csproj", "{677D039F-B822-4AE2-B03D-9B2E5BD135A7}"
EndProject
Project("{FAE04EC0-301F-11D3-BF4B-00C04F79EFBC}") = "Skinora.Payments", "src\Modules\Skinora.Payments\Skinora.Payments.csproj", "{D5FDAA90-1061-46C3-979C-24E17C377F58}"
EndProject
Project("{FAE04EC0-301F-11D3-BF4B-00C04F79EFBC}") = "Skinora.Steam", "src\Modules\Skinora.Steam\Skinora.Steam.csproj", "{E816BFF8-C624-4181-A9FB-21CF914468D7}"
EndProject
Project("{FAE04EC0-301F-11D3-BF4B-00C04F79EFBC}") = "Skinora.Users", "src\Modules\Skinora.Users\Skinora.Users.csproj", "{04276909-9106-4DDC-852F-2EB279C0626E}"
EndProject
Project("{FAE04EC0-301F-11D3-BF4B-00C04F79EFBC}") = "Skinora.Auth", "src\Modules\Skinora.Auth\Skinora.Auth.csproj", "{C6A0334B-7253-40FE-85B5-2D9361B42749}"
EndProject
Project("{FAE04EC0-301F-11D3-BF4B-00C04F79EFBC}") = "Skinora.Notifications", "src\Modules\Skinora.Notifications\Skinora.Notifications.csproj", "{56F702C9-391C-49C9-95CE-747DE9974904}"
EndProject
Project("{FAE04EC0-301F-11D3-BF4B-00C04F79EFBC}") = "Skinora.Admin", "src\Modules\Skinora.Admin\Skinora.Admin.csproj", "{6BBC12DB-2C81-4BB0-888D-2ED998E4A5DA}"
EndProject
Project("{FAE04EC0-301F-11D3-BF4B-00C04F79EFBC}") = "Skinora.Disputes", "src\Modules\Skinora.Disputes\Skinora.Disputes.csproj", "{46339EDC-E30A-4380-8A76-E987E17A0452}"
EndProject
Project("{FAE04EC0-301F-11D3-BF4B-00C04F79EFBC}") = "Skinora.Fraud", "src\Modules\Skinora.Fraud\Skinora.Fraud.csproj", "{9B0AD589-5609-4C43-B40D-AEBCDED811E1}"
EndProject
Project("{2150E333-8FDC-42A3-9474-1A3956D46DE8}") = "tests", "tests", "{0AB3BF05-4346-4AA6-1389-037BE0695223}"
EndProject
Project("{FAE04EC0-301F-11D3-BF4B-00C04F79EFBC}") = "Skinora.Transactions.Tests", "tests\Skinora.Transactions.Tests\Skinora.Transactions.Tests.csproj", "{B0BFC4D8-8B9D-40DF-AEC9-024008CCC322}"
EndProject
Project("{FAE04EC0-301F-11D3-BF4B-00C04F79EFBC}") = "Skinora.Payments.Tests", "tests\Skinora.Payments.Tests\Skinora.Payments.Tests.csproj", "{A88B80AC-40DE-4398-8EDE-60F8E8AA9C58}"
EndProject
Project("{FAE04EC0-301F-11D3-BF4B-00C04F79EFBC}") = "Skinora.Steam.Tests", "tests\Skinora.Steam.Tests\Skinora.Steam.Tests.csproj", "{5A5F923C-5B08-49C5-8336-F79B6B1179C6}"
EndProject
Project("{FAE04EC0-301F-11D3-BF4B-00C04F79EFBC}") = "Skinora.Users.Tests", "tests\Skinora.Users.Tests\Skinora.Users.Tests.csproj", "{7F4B0C04-E445-4BA2-8E34-F120E1232F44}"
EndProject
Project("{FAE04EC0-301F-11D3-BF4B-00C04F79EFBC}") = "Skinora.Auth.Tests", "tests\Skinora.Auth.Tests\Skinora.Auth.Tests.csproj", "{18D489F0-513F-4400-85BE-748769044BCE}"
EndProject
Project("{FAE04EC0-301F-11D3-BF4B-00C04F79EFBC}") = "Skinora.Notifications.Tests", "tests\Skinora.Notifications.Tests\Skinora.Notifications.Tests.csproj", "{1FE1313D-1A29-4C83-A78B-965CE8841981}"
EndProject
Project("{FAE04EC0-301F-11D3-BF4B-00C04F79EFBC}") = "Skinora.Admin.Tests", "tests\Skinora.Admin.Tests\Skinora.Admin.Tests.csproj", "{2E0D8178-C041-4147-8D0A-0229A083A9C2}"
EndProject
Project("{FAE04EC0-301F-11D3-BF4B-00C04F79EFBC}") = "Skinora.Disputes.Tests", "tests\Skinora.Disputes.Tests\Skinora.Disputes.Tests.csproj", "{0E52860E-A71A-4853-A7C9-B896AD4DD6A5}"
EndProject
Project("{FAE04EC0-301F-11D3-BF4B-00C04F79EFBC}") = "Skinora.Fraud.Tests", "tests\Skinora.Fraud.Tests\Skinora.Fraud.Tests.csproj", "{5FF0B047-1C0A-4453-B6F6-F785AB101F41}"
EndProject
Project("{FAE04EC0-301F-11D3-BF4B-00C04F79EFBC}") = "Skinora.API.Tests", "tests\Skinora.API.Tests\Skinora.API.Tests.csproj", "{12D8B107-B09A-429A-B5BB-4557F21C679C}"
EndProject
Project("{FAE04EC0-301F-11D3-BF4B-00C04F79EFBC}") = "Skinora.Shared.Tests", "tests\Skinora.Shared.Tests\Skinora.Shared.Tests.csproj", "{99C78E05-091E-4098-88F5-D409B6EDB056}"
EndProject
Project("{FAE04EC0-301F-11D3-BF4B-00C04F79EFBC}") = "Skinora.Platform", "src\Modules\Skinora.Platform\Skinora.Platform.csproj", "{19AA2142-1A6E-443D-80F5-EE50B742106A}"
EndProject
Project("{FAE04EC0-301F-11D3-BF4B-00C04F79EFBC}") = "Skinora.Platform.Tests", "tests\Skinora.Platform.Tests\Skinora.Platform.Tests.csproj", "{43218DF0-BB5D-4538-B40C-BD90FD72A69D}"
EndProject
Global
	GlobalSection(SolutionConfigurationPlatforms) = preSolution
		Debug|Any CPU = Debug|Any CPU
		Debug|x64 = Debug|x64
		Debug|x86 = Debug|x86
		Release|Any CPU = Release|Any CPU
		Release|x64 = Release|x64
		Release|x86 = Release|x86
	EndGlobalSection
	GlobalSection(ProjectConfigurationPlatforms) = postSolution
		{96F32720-098D-4D3D-BDA2-1522A633DEC4}.Debug|Any CPU.ActiveCfg = Debug|Any CPU
		{96F32720-098D-4D3D-BDA2-1522A633DEC4}.Debug|Any CPU.Build.0 = Debug|Any CPU
		{96F32720-098D-4D3D-BDA2-1522A633DEC4}.Debug|x64.ActiveCfg = Debug|Any CPU
		{96F32720-098D-4D3D-BDA2-1522A633DEC4}.Debug|x64.Build.0 = Debug|Any CPU
		{96F32720-098D-4D3D-BDA2-1522A633DEC4}.Debug|x86.ActiveCfg = Debug|Any CPU
		{96F32720-098D-4D3D-BDA2-1522A633DEC4}.Debug|x86.Build.0 = Debug|Any CPU
		{96F32720-098D-4D3D-BDA2-1522A633DEC4}.Release|Any CPU.ActiveCfg = Release|Any CPU
		{96F32720-098D-4D3D-BDA2-1522A633DEC4}.Release|Any CPU.Build.0 = Release|Any CPU
		{96F32720-098D-4D3D-BDA2-1522A633DEC4}.Release|x64.ActiveCfg = Release|Any CPU
		{96F32720-098D-4D3D-BDA2-1522A633DEC4}.Release|x64.Build.0 = Release|Any CPU
		{96F32720-098D-4D3D-BDA2-1522A633DEC4}.Release|x86.ActiveCfg = Release|Any CPU
		{96F32720-098D-4D3D-BDA2-1522A633DEC4}.Release|x86.Build.0 = Release|Any CPU
		{F2F58A5A-5165-41D1-B7C2-3C5C45F9A00C}.Debug|Any CPU.ActiveCfg = Debug|Any CPU
		{F2F58A5A-5165-41D1-B7C2-3C5C45F9A00C}.Debug|Any CPU.Build.0 = Debug|Any CPU
		{F2F58A5A-5165-41D1-B7C2-3C5C45F9A00C}.Debug|x64.ActiveCfg = Debug|Any CPU
		{F2F58A5A-5165-41D1-B7C2-3C5C45F9A00C}.Debug|x64.Build.0 = Debug|Any CPU
		{F2F58A5A-5165-41D1-B7C2-3C5C45F9A00C}.Debug|x86.ActiveCfg = Debug|Any CPU
		{F2F58A5A-5165-41D1-B7C2-3C5C45F9A00C}.Debug|x86.Build.0 = Debug|Any CPU
		{F2F58A5A-5165-41D1-B7C2-3C5C45F9A00C}.Release|Any CPU.ActiveCfg = Release|Any CPU
		{F2F58A5A-5165-41D1-B7C2-3C5C45F9A00C}.Release|Any CPU.Build.0 = Release|Any CPU
		{F2F58A5A-5165-41D1-B7C2-3C5C45F9A00C}.Release|x64.ActiveCfg = Release|Any CPU
		{F2F58A5A-5165-41D1-B7C2-3C5C45F9A00C}.Release|x64.Build.0 = Release|Any CPU
		{F2F58A5A-5165-41D1-B7C2-3C5C45F9A00C}.Release|x86.ActiveCfg = Release|Any CPU
		{F2F58A5A-5165-41D1-B7C2-3C5C45F9A00C}.Release|x86.Build.0 = Release|Any CPU
		{677D039F-B822-4AE2-B03D-9B2E5BD135A7}.Debug|Any CPU.ActiveCfg = Debug|Any CPU
		{677D039F-B822-4AE2-B03D-9B2E5BD135A7}.Debug|Any CPU.Build.0 = Debug|Any CPU
		{677D039F-B822-4AE2-B03D-9B2E5BD135A7}.Debug|x64.ActiveCfg = Debug|Any CPU
		{677D039F-B822-4AE2-B03D-9B2E5BD135A7}.Debug|x64.Build.0 = Debug|Any CPU
		{677D039F-B822-4AE2-B03D-9B2E5BD135A7}.Debug|x86.ActiveCfg = Debug|Any CPU
		{677D039F-B822-4AE2-B03D-9B2E5BD135A7}.Debug|x86.Build.0 = Debug|Any CPU
		{677D039F-B822-4AE2-B03D-9B2E5BD135A7}.Release|Any CPU.ActiveCfg = Release|Any CPU
		{677D039F-B822-4AE2-B03D-9B2E5BD135A7}.Release|Any CPU.Build.0 = Release|Any CPU
		{677D039F-B822-4AE2-B03D-9B2E5BD135A7}.Release|x64.ActiveCfg = Release|Any CPU
		{677D039F-B822-4AE2-B03D-9B2E5BD135A7}.Release|x64.Build.0 = Release|Any CPU
		{677D039F-B822-4AE2-B03D-9B2E5BD135A7}.Release|x86.ActiveCfg = Release|Any CPU
		{677D039F-B822-4AE2-B03D-9B2E5BD135A7}.Release|x86.Build.0 = Release|Any CPU
		{D5FDAA90-1061-46C3-979C-24E17C377F58}.Debug|Any CPU.ActiveCfg = Debug|Any CPU
		{D5FDAA90-1061-46C3-979C-24E17C377F58}.Debug|Any CPU.Build.0 = Debug|Any CPU
		{D5FDAA90-1061-46C3-979C-24E17C377F58}.Debug|x64.ActiveCfg = Debug|Any CPU
		{D5FDAA90-1061-46C3-979C-24E17C377F58}.Debug|x64.Build.0 = Debug|Any CPU
		{D5FDAA90-1061-46C3-979C-24E17C377F58}.Debug|x86.ActiveCfg = Debug|Any CPU
		{D5FDAA90-1061-46C3-979C-24E17C377F58}.Debug|x86.Build.0 = Debug|Any CPU
		{D5FDAA90-1061-46C3-979C-24E17C377F58}.Release|Any CPU.ActiveCfg = Release|Any CPU
		{D5FDAA90-1061-46C3-979C-24E17C377F58}.Release|Any CPU.Build.0 = Release|Any CPU
		{D5FDAA90-1061-46C3-979C-24E17C377F58}.Release|x64.ActiveCfg = Release|Any CPU
		{D5FDAA90-1061-46C3-979C-24E17C377F58}.Release|x64.Build.0 = Release|Any CPU
		{D5FDAA90-1061-46C3-979C-24E17C377F58}.Release|x86.ActiveCfg = Release|Any CPU
		{D5FDAA90-1061-46C3-979C-24E17C377F58}.Release|x86.Build.0 = Release|Any CPU
		{E816BFF8-C624-4181-A9FB-21CF914468D7}.Debug|Any CPU.ActiveCfg = Debug|Any CPU
		{E816BFF8-C624-4181-A9FB-21CF914468D7}.Debug|Any CPU.Build.0 = Debug|Any CPU
		{E816BFF8-C624-4181-A9FB-21CF914468D7}.Debug|x64.ActiveCfg = Debug|Any CPU
		{E816BFF8-C624-4181-A9FB-21CF914468D7}.Debug|x64.Build.0 = Debug|Any CPU
		{E816BFF8-C624-4181-A9FB-21CF914468D7}.Debug|x86.ActiveCfg = Debug|Any CPU
		{E816BFF8-C624-4181-A9FB-21CF914468D7}.Debug|x86.Build.0 = Debug|Any CPU
		{E816BFF8-C624-4181-A9FB-21CF914468D7}.Release|Any CPU.ActiveCfg = Release|Any CPU
		{E816BFF8-C624-4181-A9FB-21CF914468D7}.Release|Any CPU.Build.0 = Release|Any CPU
		{E816BFF8-C624-4181-A9FB-21CF914468D7}.Release|x64.ActiveCfg = Release|Any CPU
		{E816BFF8-C624-4181-A9FB-21CF914468D7}.Release|x64.Build.0 = Release|Any CPU
		{E816BFF8-C624-4181-A9FB-21CF914468D7}.Release|x86.ActiveCfg = Release|Any CPU
		{E816BFF8-C624-4181-A9FB-21CF914468D7}.Release|x86.Build.0 = Release|Any CPU
		{04276909-9106-4DDC-852F-2EB279C0626E}.Debug|Any CPU.ActiveCfg = Debug|Any CPU
		{04276909-9106-4DDC-852F-2EB279C0626E}.Debug|Any CPU.Build.0 = Debug|Any CPU
		{04276909-9106-4DDC-852F-2EB279C0626E}.Debug|x64.ActiveCfg = Debug|Any CPU
		{04276909-9106-4DDC-852F-2EB279C0626E}.Debug|x64.Build.0 = Debug|Any CPU
		{04276909-9106-4DDC-852F-2EB279C0626E}.Debug|x86.ActiveCfg = Debug|Any CPU
		{04276909-9106-4DDC-852F-2EB279C0626E}.Debug|x86.Build.0 = Debug|Any CPU
		{04276909-9106-4DDC-852F-2EB279C0626E}.Release|Any CPU.ActiveCfg = Release|Any CPU
		{04276909-9106-4DDC-852F-2EB279C0626E}.Release|Any CPU.Build.0 = Release|Any CPU
		{04276909-9106-4DDC-852F-2EB279C0626E}.Release|x64.ActiveCfg = Release|Any CPU
		{04276909-9106-4DDC-852F-2EB279C0626E}.Release|x64.Build.0 = Release|Any CPU
		{04276909-9106-4DDC-852F-2EB279C0626E}.Release|x86.ActiveCfg = Release|Any CPU
		{04276909-9106-4DDC-852F-2EB279C0626E}.Release|x86.Build.0 = Release|Any CPU
		{C6A0334B-7253-40FE-85B5-2D9361B42749}.Debug|Any CPU.ActiveCfg = Debug|Any CPU
		{C6A0334B-7253-40FE-85B5-2D9361B42749}.Debug|Any CPU.Build.0 = Debug|Any CPU
		{C6A0334B-7253-40FE-85B5-2D9361B42749}.Debug|x64.ActiveCfg = Debug|Any CPU
		{C6A0334B-7253-40FE-85B5-2D9361B42749}.Debug|x64.Build.0 = Debug|Any CPU
		{C6A0334B-7253-40FE-85B5-2D9361B42749}.Debug|x86.ActiveCfg = Debug|Any CPU
		{C6A0334B-7253-40FE-85B5-2D9361B42749}.Debug|x86.Build.0 = Debug|Any CPU
		{C6A0334B-7253-40FE-85B5-2D9361B42749}.Release|Any CPU.ActiveCfg = Release|Any CPU
		{C6A0334B-7253-40FE-85B5-2D9361B42749}.Release|Any CPU.Build.0 = Release|Any CPU
		{C6A0334B-7253-40FE-85B5-2D9361B42749}.Release|x64.ActiveCfg = Release|Any CPU
		{C6A0334B-7253-40FE-85B5-2D9361B42749}.Release|x64.Build.0 = Release|Any CPU
		{C6A0334B-7253-40FE-85B5-2D9361B42749}.Release|x86.ActiveCfg = Release|Any CPU
		{C6A0334B-7253-40FE-85B5-2D9361B42749}.Release|x86.Build.0 = Release|Any CPU
		{56F702C9-391C-49C9-95CE-747DE9974904}.Debug|Any CPU.ActiveCfg = Debug|Any CPU
		{56F702C9-391C-49C9-95CE-747DE9974904}.Debug|Any CPU.Build.0 = Debug|Any CPU
		{56F702C9-391C-49C9-95CE-747DE9974904}.Debug|x64.ActiveCfg = Debug|Any CPU
		{56F702C9-391C-49C9-95CE-747DE9974904}.Debug|x64.Build.0 = Debug|Any CPU
		{56F702C9-391C-49C9-95CE-747DE9974904}.Debug|x86.ActiveCfg = Debug|Any CPU
		{56F702C9-391C-49C9-95CE-747DE9974904}.Debug|x86.Build.0 = Debug|Any CPU
		{56F702C9-391C-49C9-95CE-747DE9974904}.Release|Any CPU.ActiveCfg = Release|Any CPU
		{56F702C9-391C-49C9-95CE-747DE9974904}.Release|Any CPU.Build.0 = Release|Any CPU
		{56F702C9-391C-49C9-95CE-747DE9974904}.Release|x64.ActiveCfg = Release|Any CPU
		{56F702C9-391C-49C9-95CE-747DE9974904}.Release|x64.Build.0 = Release|Any CPU
		{56F702C9-391C-49C9-95CE-747DE9974904}.Release|x86.ActiveCfg = Release|Any CPU
		{56F702C9-391C-49C9-95CE-747DE9974904}.Release|x86.Build.0 = Release|Any CPU
		{6BBC12DB-2C81-4BB0-888D-2ED998E4A5DA}.Debug|Any CPU.ActiveCfg = Debug|Any CPU
		{6BBC12DB-2C81-4BB0-888D-2ED998E4A5DA}.Debug|Any CPU.Build.0 = Debug|Any CPU
		{6BBC12DB-2C81-4BB0-888D-2ED998E4A5DA}.Debug|x64.ActiveCfg = Debug|Any CPU
		{6BBC12DB-2C81-4BB0-888D-2ED998E4A5DA}.Debug|x64.Build.0 = Debug|Any CPU
		{6BBC12DB-2C81-4BB0-888D-2ED998E4A5DA}.Debug|x86.ActiveCfg = Debug|Any CPU
		{6BBC12DB-2C81-4BB0-888D-2ED998E4A5DA}.Debug|x86.Build.0 = Debug|Any CPU
		{6BBC12DB-2C81-4BB0-888D-2ED998E4A5DA}.Release|Any CPU.ActiveCfg = Release|Any CPU
		{6BBC12DB-2C81-4BB0-888D-2ED998E4A5DA}.Release|Any CPU.Build.0 = Release|Any CPU
		{6BBC12DB-2C81-4BB0-888D-2ED998E4A5DA}.Release|x64.ActiveCfg = Release|Any CPU
		{6BBC12DB-2C81-4BB0-888D-2ED998E4A5DA}.Release|x64.Build.0 = Release|Any CPU
		{6BBC12DB-2C81-4BB0-888D-2ED998E4A5DA}.Release|x86.ActiveCfg = Release|Any CPU
		{6BBC12DB-2C81-4BB0-888D-2ED998E4A5DA}.Release|x86.Build.0 = Release|Any CPU
		{46339EDC-E30A-4380-8A76-E987E17A0452}.Debug|Any CPU.ActiveCfg = Debug|Any CPU
		{46339EDC-E30A-4380-8A76-E987E17A0452}.Debug|Any CPU.Build.0 = Debug|Any CPU
		{46339EDC-E30A-4380-8A76-E987E17A0452}.Debug|x64.ActiveCfg = Debug|Any CPU
		{46339EDC-E30A-4380-8A76-E987E17A0452}.Debug|x64.Build.0 = Debug|Any CPU
		{46339EDC-E30A-4380-8A76-E987E17A0452}.Debug|x86.ActiveCfg = Debug|Any CPU
		{46339EDC-E30A-4380-8A76-E987E17A0452}.Debug|x86.Build.0 = Debug|Any CPU
		{46339EDC-E30A-4380-8A76-E987E17A0452}.Release|Any CPU.ActiveCfg = Release|Any CPU
		{46339EDC-E30A-4380-8A76-E987E17A0452}.Release|Any CPU.Build.0 = Release|Any CPU
		{46339EDC-E30A-4380-8A76-E987E17A0452}.Release|x64.ActiveCfg = Release|Any CPU
		{46339EDC-E30A-4380-8A76-E987E17A0452}.Release|x64.Build.0 = Release|Any CPU
		{46339EDC-E30A-4380-8A76-E987E17A0452}.Release|x86.ActiveCfg = Release|Any CPU
		{46339EDC-E30A-4380-8A76-E987E17A0452}.Release|x86.Build.0 = Release|Any CPU
		{9B0AD589-5609-4C43-B40D-AEBCDED811E1}.Debug|Any CPU.ActiveCfg = Debug|Any CPU
		{9B0AD589-5609-4C43-B40D-AEBCDED811E1}.Debug|Any CPU.Build.0 = Debug|Any CPU
		{9B0AD589-5609-4C43-B40D-AEBCDED811E1}.Debug|x64.ActiveCfg = Debug|Any CPU
		{9B0AD589-5609-4C43-B40D-AEBCDED811E1}.Debug|x64.Build.0 = Debug|Any CPU
		{9B0AD589-5609-4C43-B40D-AEBCDED811E1}.Debug|x86.ActiveCfg = Debug|Any CPU
		{9B0AD589-5609-4C43-B40D-AEBCDED811E1}.Debug|x86.Build.0 = Debug|Any CPU
		{9B0AD589-5609-4C43-B40D-AEBCDED811E1}.Release|Any CPU.ActiveCfg = Release|Any CPU
		{9B0AD589-5609-4C43-B40D-AEBCDED811E1}.Release|Any CPU.Build.0 = Release|Any CPU
		{9B0AD589-5609-4C43-B40D-AEBCDED811E1}.Release|x64.ActiveCfg = Release|Any CPU
		{9B0AD589-5609-4C43-B40D-AEBCDED811E1}.Release|x64.Build.0 = Release|Any CPU
		{9B0AD589-5609-4C43-B40D-AEBCDED811E1}.Release|x86.ActiveCfg = Release|Any CPU
		{9B0AD589-5609-4C43-B40D-AEBCDED811E1}.Release|x86.Build.0 = Release|Any CPU
		{B0BFC4D8-8B9D-40DF-AEC9-024008CCC322}.Debug|Any CPU.ActiveCfg = Debug|Any CPU
		{B0BFC4D8-8B9D-40DF-AEC9-024008CCC322}.Debug|Any CPU.Build.0 = Debug|Any CPU
		{B0BFC4D8-8B9D-40DF-AEC9-024008CCC322}.Debug|x64.ActiveCfg = Debug|Any CPU
		{B0BFC4D8-8B9D-40DF-AEC9-024008CCC322}.Debug|x64.Build.0 = Debug|Any CPU
		{B0BFC4D8-8B9D-40DF-AEC9-024008CCC322}.Debug|x86.ActiveCfg = Debug|Any CPU
		{B0BFC4D8-8B9D-40DF-AEC9-024008CCC322}.Debug|x86.Build.0 = Debug|Any CPU
		{B0BFC4D8-8B9D-40DF-AEC9-024008CCC322}.Release|Any CPU.ActiveCfg = Release|Any CPU
		{B0BFC4D8-8B9D-40DF-AEC9-024008CCC322}.Release|Any CPU.Build.0 = Release|Any CPU
		{B0BFC4D8-8B9D-40DF-AEC9-024008CCC322}.Release|x64.ActiveCfg = Release|Any CPU
		{B0BFC4D8-8B9D-40DF-AEC9-024008CCC322}.Release|x64.Build.0 = Release|Any CPU
		{B0BFC4D8-8B9D-40DF-AEC9-024008CCC322}.Release|x86.ActiveCfg = Release|Any CPU
		{B0BFC4D8-8B9D-40DF-AEC9-024008CCC322}.Release|x86.Build.0 = Release|Any CPU
		{A88B80AC-40DE-4398-8EDE-60F8E8AA9C58}.Debug|Any CPU.ActiveCfg = Debug|Any CPU
		{A88B80AC-40DE-4398-8EDE-60F8E8AA9C58}.Debug|Any CPU.Build.0 = Debug|Any CPU
		{A88B80AC-40DE-4398-8EDE-60F8E8AA9C58}.Debug|x64.ActiveCfg = Debug|Any CPU
		{A88B80AC-40DE-4398-8EDE-60F8E8AA9C58}.Debug|x64.Build.0 = Debug|Any CPU
		{A88B80AC-40DE-4398-8EDE-60F8E8AA9C58}.Debug|x86.ActiveCfg = Debug|Any CPU
		{A88B80AC-40DE-4398-8EDE-60F8E8AA9C58}.Debug|x86.Build.0 = Debug|Any CPU
		{A88B80AC-40DE-4398-8EDE-60F8E8AA9C58}.Release|Any CPU.ActiveCfg = Release|Any CPU
		{A88B80AC-40DE-4398-8EDE-60F8E8AA9C58}.Release|Any CPU.Build.0 = Release|Any CPU
		{A88B80AC-40DE-4398-8EDE-60F8E8AA9C58}.Release|x64.ActiveCfg = Release|Any CPU
		{A88B80AC-40DE-4398-8EDE-60F8E8AA9C58}.Release|x64.Build.0 = Release|Any CPU
		{A88B80AC-40DE-4398-8EDE-60F8E8AA9C58}.Release|x86.ActiveCfg = Release|Any CPU
		{A88B80AC-40DE-4398-8EDE-60F8E8AA9C58}.Release|x86.Build.0 = Release|Any CPU
		{5A5F923C-5B08-49C5-8336-F79B6B1179C6}.Debug|Any CPU.ActiveCfg = Debug|Any CPU
		{5A5F923C-5B08-49C5-8336-F79B6B1179C6}.Debug|Any CPU.Build.0 = Debug|Any CPU
		{5A5F923C-5B08-49C5-8336-F79B6B1179C6}.Debug|x64.ActiveCfg = Debug|Any CPU
		{5A5F923C-5B08-49C5-8336-F79B6B1179C6}.Debug|x64.Build.0 = Debug|Any CPU
		{5A5F923C-5B08-49C5-8336-F79B6B1179C6}.Debug|x86.ActiveCfg = Debug|Any CPU
		{5A5F923C-5B08-49C5-8336-F79B6B1179C6}.Debug|x86.Build.0 = Debug|Any CPU
		{5A5F923C-5B08-49C5-8336-F79B6B1179C6}.Release|Any CPU.ActiveCfg = Release|Any CPU
		{5A5F923C-5B08-49C5-8336-F79B6B1179C6}.Release|Any CPU.Build.0 = Release|Any CPU
		{5A5F923C-5B08-49C5-8336-F79B6B1179C6}.Release|x64.ActiveCfg = Release|Any CPU
		{5A5F923C-5B08-49C5-8336-F79B6B1179C6}.Release|x64.Build.0 = Release|Any CPU
		{5A5F923C-5B08-49C5-8336-F79B6B1179C6}.Release|x86.ActiveCfg = Release|Any CPU
		{5A5F923C-5B08-49C5-8336-F79B6B1179C6}.Release|x86.Build.0 = Release|Any CPU
		{7F4B0C04-E445-4BA2-8E34-F120E1232F44}.Debug|Any CPU.ActiveCfg = Debug|Any CPU
		{7F4B0C04-E445-4BA2-8E34-F120E1232F44}.Debug|Any CPU.Build.0 = Debug|Any CPU
		{7F4B0C04-E445-4BA2-8E34-F120E1232F44}.Debug|x64.ActiveCfg = Debug|Any CPU
		{7F4B0C04-E445-4BA2-8E34-F120E1232F44}.Debug|x64.Build.0 = Debug|Any CPU
		{7F4B0C04-E445-4BA2-8E34-F120E1232F44}.Debug|x86.ActiveCfg = Debug|Any CPU
		{7F4B0C04-E445-4BA2-8E34-F120E1232F44}.Debug|x86.Build.0 = Debug|Any CPU
		{7F4B0C04-E445-4BA2-8E34-F120E1232F44}.Release|Any CPU.ActiveCfg = Release|Any CPU
		{7F4B0C04-E445-4BA2-8E34-F120E1232F44}.Release|Any CPU.Build.0 = Release|Any CPU
		{7F4B0C04-E445-4BA2-8E34-F120E1232F44}.Release|x64.ActiveCfg = Release|Any CPU
		{7F4B0C04-E445-4BA2-8E34-F120E1232F44}.Release|x64.Build.0 = Release|Any CPU
		{7F4B0C04-E445-4BA2-8E34-F120E1232F44}.Release|x86.ActiveCfg = Release|Any CPU
		{7F4B0C04-E445-4BA2-8E34-F120E1232F44}.Release|x86.Build.0 = Release|Any CPU
		{18D489F0-513F-4400-85BE-748769044BCE}.Debug|Any CPU.ActiveCfg = Debug|Any CPU
		{18D489F0-513F-4400-85BE-748769044BCE}.Debug|Any CPU.Build.0 = Debug|Any CPU
		{18D489F0-513F-4400-85BE-748769044BCE}.Debug|x64.ActiveCfg = Debug|Any CPU
		{18D489F0-513F-4400-85BE-748769044BCE}.Debug|x64.Build.0 = Debug|Any CPU
		{18D489F0-513F-4400-85BE-748769044BCE}.Debug|x86.ActiveCfg = Debug|Any CPU
		{18D489F0-513F-4400-85BE-748769044BCE}.Debug|x86.Build.0 = Debug|Any CPU
		{18D489F0-513F-4400-85BE-748769044BCE}.Release|Any CPU.ActiveCfg = Release|Any CPU
		{18D489F0-513F-4400-85BE-748769044BCE}.Release|Any CPU.Build.0 = Release|Any CPU
		{18D489F0-513F-4400-85BE-748769044BCE}.Release|x64.ActiveCfg = Release|Any CPU
		{18D489F0-513F-4400-85BE-748769044BCE}.Release|x64.Build.0 = Release|Any CPU
		{18D489F0-513F-4400-85BE-748769044BCE}.Release|x86.ActiveCfg = Release|Any CPU
		{18D489F0-513F-4400-85BE-748769044BCE}.Release|x86.Build.0 = Release|Any CPU
		{1FE1313D-1A29-4C83-A78B-965CE8841981}.Debug|Any CPU.ActiveCfg = Debug|Any CPU
		{1FE1313D-1A29-4C83-A78B-965CE8841981}.Debug|Any CPU.Build.0 = Debug|Any CPU
		{1FE1313D-1A29-4C83-A78B-965CE8841981}.Debug|x64.ActiveCfg = Debug|Any CPU
		{1FE1313D-1A29-4C83-A78B-965CE8841981}.Debug|x64.Build.0 = Debug|Any CPU
		{1FE1313D-1A29-4C83-A78B-965CE8841981}.Debug|x86.ActiveCfg = Debug|Any CPU
		{1FE1313D-1A29-4C83-A78B-965CE8841981}.Debug|x86.Build.0 = Debug|Any CPU
		{1FE1313D-1A29-4C83-A78B-965CE8841981}.Release|Any CPU.ActiveCfg = Release|Any CPU
		{1FE1313D-1A29-4C83-A78B-965CE8841981}.Release|Any CPU.Build.0 = Release|Any CPU
		{1FE1313D-1A29-4C83-A78B-965CE8841981}.Release|x64.ActiveCfg = Release|Any CPU
		{1FE1313D-1A29-4C83-A78B-965CE8841981}.Release|x64.Build.0 = Release|Any CPU
		{1FE1313D-1A29-4C83-A78B-965CE8841981}.Release|x86.ActiveCfg = Release|Any CPU
		{1FE1313D-1A29-4C83-A78B-965CE8841981}.Release|x86.Build.0 = Release|Any CPU
		{2E0D8178-C041-4147-8D0A-0229A083A9C2}.Debug|Any CPU.ActiveCfg = Debug|Any CPU
		{2E0D8178-C041-4147-8D0A-0229A083A9C2}.Debug|Any CPU.Build.0 = Debug|Any CPU
		{2E0D8178-C041-4147-8D0A-0229A083A9C2}.Debug|x64.ActiveCfg = Debug|Any CPU
		{2E0D8178-C041-4147-8D0A-0229A083A9C2}.Debug|x64.Build.0 = Debug|Any CPU
		{2E0D8178-C041-4147-8D0A-0229A083A9C2}.Debug|x86.ActiveCfg = Debug|Any CPU
		{2E0D8178-C041-4147-8D0A-0229A083A9C2}.Debug|x86.Build.0 = Debug|Any CPU
		{2E0D8178-C041-4147-8D0A-0229A083A9C2}.Release|Any CPU.ActiveCfg = Release|Any CPU
		{2E0D8178-C041-4147-8D0A-0229A083A9C2}.Release|Any CPU.Build.0 = Release|Any CPU
		{2E0D8178-C041-4147-8D0A-0229A083A9C2}.Release|x64.ActiveCfg = Release|Any CPU
		{2E0D8178-C041-4147-8D0A-0229A083A9C2}.Release|x64.Build.0 = Release|Any CPU
		{2E0D8178-C041-4147-8D0A-0229A083A9C2}.Release|x86.ActiveCfg = Release|Any CPU
		{2E0D8178-C041-4147-8D0A-0229A083A9C2}.Release|x86.Build.0 = Release|Any CPU
		{0E52860E-A71A-4853-A7C9-B896AD4DD6A5}.Debug|Any CPU.ActiveCfg = Debug|Any CPU
		{0E52860E-A71A-4853-A7C9-B896AD4DD6A5}.Debug|Any CPU.Build.0 = Debug|Any CPU
		{0E52860E-A71A-4853-A7C9-B896AD4DD6A5}.Debug|x64.ActiveCfg = Debug|Any CPU
		{0E52860E-A71A-4853-A7C9-B896AD4DD6A5}.Debug|x64.Build.0 = Debug|Any CPU
		{0E52860E-A71A-4853-A7C9-B896AD4DD6A5}.Debug|x86.ActiveCfg = Debug|Any CPU
		{0E52860E-A71A-4853-A7C9-B896AD4DD6A5}.Debug|x86.Build.0 = Debug|Any CPU
		{0E52860E-A71A-4853-A7C9-B896AD4DD6A5}.Release|Any CPU.ActiveCfg = Release|Any CPU
		{0E52860E-A71A-4853-A7C9-B896AD4DD6A5}.Release|Any CPU.Build.0 = Release|Any CPU
		{0E52860E-A71A-4853-A7C9-B896AD4DD6A5}.Release|x64.ActiveCfg = Release|Any CPU
		{0E52860E-A71A-4853-A7C9-B896AD4DD6A5}.Release|x64.Build.0 = Release|Any CPU
		{0E52860E-A71A-4853-A7C9-B896AD4DD6A5}.Release|x86.ActiveCfg = Release|Any CPU
		{0E52860E-A71A-4853-A7C9-B896AD4DD6A5}.Release|x86.Build.0 = Release|Any CPU
		{5FF0B047-1C0A-4453-B6F6-F785AB101F41}.Debug|Any CPU.ActiveCfg = Debug|Any CPU
		{5FF0B047-1C0A-4453-B6F6-F785AB101F41}.Debug|Any CPU.Build.0 = Debug|Any CPU
		{5FF0B047-1C0A-4453-B6F6-F785AB101F41}.Debug|x64.ActiveCfg = Debug|Any CPU
		{5FF0B047-1C0A-4453-B6F6-F785AB101F41}.Debug|x64.Build.0 = Debug|Any CPU
		{5FF0B047-1C0A-4453-B6F6-F785AB101F41}.Debug|x86.ActiveCfg = Debug|Any CPU
		{5FF0B047-1C0A-4453-B6F6-F785AB101F41}.Debug|x86.Build.0 = Debug|Any CPU
		{5FF0B047-1C0A-4453-B6F6-F785AB101F41}.Release|Any CPU.ActiveCfg = Release|Any CPU
		{5FF0B047-1C0A-4453-B6F6-F785AB101F41}.Release|Any CPU.Build.0 = Release|Any CPU
		{5FF0B047-1C0A-4453-B6F6-F785AB101F41}.Release|x64.ActiveCfg = Release|Any CPU
		{5FF0B047-1C0A-4453-B6F6-F785AB101F41}.Release|x64.Build.0 = Release|Any CPU
		{5FF0B047-1C0A-4453-B6F6-F785AB101F41}.Release|x86.ActiveCfg = Release|Any CPU
		{5FF0B047-1C0A-4453-B6F6-F785AB101F41}.Release|x86.Build.0 = Release|Any CPU
		{12D8B107-B09A-429A-B5BB-4557F21C679C}.Debug|Any CPU.ActiveCfg = Debug|Any CPU
		{12D8B107-B09A-429A-B5BB-4557F21C679C}.Debug|Any CPU.Build.0 = Debug|Any CPU
		{12D8B107-B09A-429A-B5BB-4557F21C679C}.Debug|x64.ActiveCfg = Debug|Any CPU
		{12D8B107-B09A-429A-B5BB-4557F21C679C}.Debug|x64.Build.0 = Debug|Any CPU
		{12D8B107-B09A-429A-B5BB-4557F21C679C}.Debug|x86.ActiveCfg = Debug|Any CPU
		{12D8B107-B09A-429A-B5BB-4557F21C679C}.Debug|x86.Build.0 = Debug|Any CPU
		{12D8B107-B09A-429A-B5BB-4557F21C679C}.Release|Any CPU.ActiveCfg = Release|Any CPU
		{12D8B107-B09A-429A-B5BB-4557F21C679C}.Release|Any CPU.Build.0 = Release|Any CPU
		{12D8B107-B09A-429A-B5BB-4557F21C679C}.Release|x64.ActiveCfg = Release|Any CPU
		{12D8B107-B09A-429A-B5BB-4557F21C679C}.Release|x64.Build.0 = Release|Any CPU
		{12D8B107-B09A-429A-B5BB-4557F21C679C}.Release|x86.ActiveCfg = Release|Any CPU
		{12D8B107-B09A-429A-B5BB-4557F21C679C}.Release|x86.Build.0 = Release|Any CPU
		{99C78E05-091E-4098-88F5-D409B6EDB056}.Debug|Any CPU.ActiveCfg = Debug|Any CPU
		{99C78E05-091E-4098-88F5-D409B6EDB056}.Debug|Any CPU.Build.0 = Debug|Any CPU
		{99C78E05-091E-4098-88F5-D409B6EDB056}.Debug|x64.ActiveCfg = Debug|Any CPU
		{99C78E05-091E-4098-88F5-D409B6EDB056}.Debug|x64.Build.0 = Debug|Any CPU
		{99C78E05-091E-4098-88F5-D409B6EDB056}.Debug|x86.ActiveCfg = Debug|Any CPU
		{99C78E05-091E-4098-88F5-D409B6EDB056}.Debug|x86.Build.0 = Debug|Any CPU
		{99C78E05-091E-4098-88F5-D409B6EDB056}.Release|Any CPU.ActiveCfg = Release|Any CPU
		{99C78E05-091E-4098-88F5-D409B6EDB056}.Release|Any CPU.Build.0 = Release|Any CPU
		{99C78E05-091E-4098-88F5-D409B6EDB056}.Release|x64.ActiveCfg = Release|Any CPU
		{99C78E05-091E-4098-88F5-D409B6EDB056}.Release|x64.Build.0 = Release|Any CPU
		{99C78E05-091E-4098-88F5-D409B6EDB056}.Release|x86.ActiveCfg = Release|Any CPU
		{99C78E05-091E-4098-88F5-D409B6EDB056}.Release|x86.Build.0 = Release|Any CPU
		{19AA2142-1A6E-443D-80F5-EE50B742106A}.Debug|Any CPU.ActiveCfg = Debug|Any CPU
		{19AA2142-1A6E-443D-80F5-EE50B742106A}.Debug|Any CPU.Build.0 = Debug|Any CPU
		{19AA2142-1A6E-443D-80F5-EE50B742106A}.Debug|x64.ActiveCfg = Debug|Any CPU
		{19AA2142-1A6E-443D-80F5-EE50B742106A}.Debug|x64.Build.0 = Debug|Any CPU
		{19AA2142-1A6E-443D-80F5-EE50B742106A}.Debug|x86.ActiveCfg = Debug|Any CPU
		{19AA2142-1A6E-443D-80F5-EE50B742106A}.Debug|x86.Build.0 = Debug|Any CPU
		{19AA2142-1A6E-443D-80F5-EE50B742106A}.Release|Any CPU.ActiveCfg = Release|Any CPU
		{19AA2142-1A6E-443D-80F5-EE50B742106A}.Release|Any CPU.Build.0 = Release|Any CPU
		{19AA2142-1A6E-443D-80F5-EE50B742106A}.Release|x64.ActiveCfg = Release|Any CPU
		{19AA2142-1A6E-443D-80F5-EE50B742106A}.Release|x64.Build.0 = Release|Any CPU
		{19AA2142-1A6E-443D-80F5-EE50B742106A}.Release|x86.ActiveCfg = Release|Any CPU
		{19AA2142-1A6E-443D-80F5-EE50B742106A}.Release|x86.Build.0 = Release|Any CPU
		{43218DF0-BB5D-4538-B40C-BD90FD72A69D}.Debug|Any CPU.ActiveCfg = Debug|Any CPU
		{43218DF0-BB5D-4538-B40C-BD90FD72A69D}.Debug|Any CPU.Build.0 = Debug|Any CPU
		{43218DF0-BB5D-4538-B40C-BD90FD72A69D}.Debug|x64.ActiveCfg = Debug|Any CPU
		{43218DF0-BB5D-4538-B40C-BD90FD72A69D}.Debug|x64.Build.0 = Debug|Any CPU
		{43218DF0-BB5D-4538-B40C-BD90FD72A69D}.Debug|x86.ActiveCfg = Debug|Any CPU
		{43218DF0-BB5D-4538-B40C-BD90FD72A69D}.Debug|x86.Build.0 = Debug|Any CPU
		{43218DF0-BB5D-4538-B40C-BD90FD72A69D}.Release|Any CPU.ActiveCfg = Release|Any CPU
		{43218DF0-BB5D-4538-B40C-BD90FD72A69D}.Release|Any CPU.Build.0 = Release|Any CPU
		{43218DF0-BB5D-4538-B40C-BD90FD72A69D}.Release|x64.ActiveCfg = Release|Any CPU
		{43218DF0-BB5D-4538-B40C-BD90FD72A69D}.Release|x64.Build.0 = Release|Any CPU
		{43218DF0-BB5D-4538-B40C-BD90FD72A69D}.Release|x86.ActiveCfg = Release|Any CPU
		{43218DF0-BB5D-4538-B40C-BD90FD72A69D}.Release|x86.Build.0 = Release|Any CPU
	EndGlobalSection
	GlobalSection(SolutionProperties) = preSolution
		HideSolutionNode = FALSE
	EndGlobalSection
	GlobalSection(NestedProjects) = preSolution
		{96F32720-098D-4D3D-BDA2-1522A633DEC4} = {827E0CD3-B72D-47B6-A68D-7590B98EB39B}
		{F2F58A5A-5165-41D1-B7C2-3C5C45F9A00C} = {827E0CD3-B72D-47B6-A68D-7590B98EB39B}
		{EC447DCF-ABFA-6E24-52A5-D7FD48A5C558} = {827E0CD3-B72D-47B6-A68D-7590B98EB39B}
		{677D039F-B822-4AE2-B03D-9B2E5BD135A7} = {EC447DCF-ABFA-6E24-52A5-D7FD48A5C558}
		{D5FDAA90-1061-46C3-979C-24E17C377F58} = {EC447DCF-ABFA-6E24-52A5-D7FD48A5C558}
		{E816BFF8-C624-4181-A9FB-21CF914468D7} = {EC447DCF-ABFA-6E24-52A5-D7FD48A5C558}
		{04276909-9106-4DDC-852F-2EB279C0626E} = {EC447DCF-ABFA-6E24-52A5-D7FD48A5C558}
		{C6A0334B-7253-40FE-85B5-2D9361B42749} = {EC447DCF-ABFA-6E24-52A5-D7FD48A5C558}
		{56F702C9-391C-49C9-95CE-747DE9974904} = {EC447DCF-ABFA-6E24-52A5-D7FD48A5C558}
		{6BBC12DB-2C81-4BB0-888D-2ED998E4A5DA} = {EC447DCF-ABFA-6E24-52A5-D7FD48A5C558}
		{46339EDC-E30A-4380-8A76-E987E17A0452} = {EC447DCF-ABFA-6E24-52A5-D7FD48A5C558}
		{9B0AD589-5609-4C43-B40D-AEBCDED811E1} = {EC447DCF-ABFA-6E24-52A5-D7FD48A5C558}
		{B0BFC4D8-8B9D-40DF-AEC9-024008CCC322} = {0AB3BF05-4346-4AA6-1389-037BE0695223}
		{A88B80AC-40DE-4398-8EDE-60F8E8AA9C58} = {0AB3BF05-4346-4AA6-1389-037BE0695223}
		{5A5F923C-5B08-49C5-8336-F79B6B1179C6} = {0AB3BF05-4346-4AA6-1389-037BE0695223}
		{7F4B0C04-E445-4BA2-8E34-F120E1232F44} = {0AB3BF05-4346-4AA6-1389-037BE0695223}
		{18D489F0-513F-4400-85BE-748769044BCE} = {0AB3BF05-4346-4AA6-1389-037BE0695223}
		{1FE1313D-1A29-4C83-A78B-965CE8841981} = {0AB3BF05-4346-4AA6-1389-037BE0695223}
		{2E0D8178-C041-4147-8D0A-0229A083A9C2} = {0AB3BF05-4346-4AA6-1389-037BE0695223}
		{0E52860E-A71A-4853-A7C9-B896AD4DD6A5} = {0AB3BF05-4346-4AA6-1389-037BE0695223}
		{5FF0B047-1C0A-4453-B6F6-F785AB101F41} = {0AB3BF05-4346-4AA6-1389-037BE0695223}
		{12D8B107-B09A-429A-B5BB-4557F21C679C} = {0AB3BF05-4346-4AA6-1389-037BE0695223}
		{99C78E05-091E-4098-88F5-D409B6EDB056} = {0AB3BF05-4346-4AA6-1389-037BE0695223}
		{19AA2142-1A6E-443D-80F5-EE50B742106A} = {EC447DCF-ABFA-6E24-52A5-D7FD48A5C558}
		{43218DF0-BB5D-4538-B40C-BD90FD72A69D} = {0AB3BF05-4346-4AA6-1389-037BE0695223}
	EndGlobalSection
EndGlobal
